
Microsoft Visual Studio Solution File, Format Version 12.00
# Visual Studio Version 17
VisualStudioVersion = 17.13.35828.75 d17.13
MinimumVisualStudioVersion = 10.0.40219.1
Project("{FAE04EC0-301F-11D3-BF4B-00C04F79EFBC}") = "Projekt1", "Projekt1\Projekt1.csproj", "{C312F30E-6EF7-45DE-82D4-1D51B37DE284}"
EndProject
Global
	GlobalSection(SolutionConfigurationPlatforms) = preSolution
		Debug|Any CPU = Debug|Any CPU
		Release|Any CPU = Release|Any CPU
	EndGlobalSection
	GlobalSection(ProjectConfigurationPlatforms) = postSolution
		{C312F30E-6EF7-45DE-82D4-1D51B37DE284}.Debug|Any CPU.ActiveCfg = Debug|Any CPU
		{C312F30E-6EF7-45DE-82D4-1D51B37DE284}.Debug|Any CPU.Build.0 = Debug|Any CPU
		{C312F30E-6EF7-45DE-82D4-1D51B37DE284}.Release|Any CPU.ActiveCfg = Release|Any CPU
		{C312F30E-6EF7-45DE-82D4-1D51B37DE284}.Release|Any CPU.Build.0 = Release|Any CPU
	EndGlobalSection
	GlobalSection(SolutionProperties) = preSolution
		HideSolutionNode = FALSE
	EndGlobalSection
	GlobalSection(ExtensibilityGlobals) = postSolution
		SolutionGuid = {2CC3DE74-D702-4549-9AB1-4195884827EE}
	EndGlobalSection
EndGlobal
